// !$*UTF8*$!
{
	archiveVersion = 1;
	classes = {
	};
	objectVersion = 56;
	objects = {

/* Begin PBXBuildFile section */
		DD8D2B0E2AE08CA4008AA445 /* munkyApeApp.swift in Sources */ = {isa = PBXBuildFile; fileRef = DD8D2B0D2AE08CA4008AA445 /* munkyApeApp.swift */; };
		DD8D2B102AE08CA4008AA445 /* ContentView.swift in Sources */ = {isa = PBXBuildFile; fileRef = DD8D2B0F2AE08CA4008AA445 /* ContentView.swift */; };
		DD8D2B122AE08CAB008AA445 /* Assets.xcassets in Resources */ = {isa = PBXBuildFile; fileRef = DD8D2B112AE08CAB008AA445 /* Assets.xcassets */; };
		DD8D2B152AE08CAB008AA445 /* Preview Assets.xcassets in Resources */ = {isa = PBXBuildFile; fileRef = DD8D2B142AE08CAB008AA445 /* Preview Assets.xcassets */; };
		DD8D2B1F2AE08CAC008AA445 /* munkyApeTests.swift in Sources */ = {isa = PBXBuildFile; fileRef = DD8D2B1E2AE08CAC008AA445 /* munkyApeTests.swift */; };
		DD8D2B292AE08CAC008AA445 /* munkyApeUITests.swift in Sources */ = {isa = PBXBuildFile; fileRef = DD8D2B282AE08CAC008AA445 /* munkyApeUITests.swift */; };
		DD8D2B2B2AE08CAC008AA445 /* munkyApeUITestsLaunchTests.swift in Sources */ = {isa = PBXBuildFile; fileRef = DD8D2B2A2AE08CAC008AA445 /* munkyApeUITestsLaunchTests.swift */; };
/* End PBXBuildFile section */

/* Begin PBXContainerItemProxy section */
		DD8D2B1B2AE08CAC008AA445 /* PBXContainerItemProxy */ = {
			isa = PBXContainerItemProxy;
			containerPortal = DD8D2B022AE08CA3008AA445 /* Project object */;
			proxyType = 1;
			remoteGlobalIDString = DD8D2B092AE08CA3008AA445;
			remoteInfo = munkyApe;
		};
		DD8D2B252AE08CAC008AA445 /* PBXContainerItemProxy */ = {
			isa = PBXContainerItemProxy;
			containerPortal = DD8D2B022AE08CA3008AA445 /* Project object */;
			proxyType = 1;
			remoteGlobalIDString = DD8D2B092AE08CA3008AA445;
			remoteInfo = munkyApe;
		};
/* End PBXContainerItemProxy section */

/* Begin PBXFileReference section */
		DD8D2B0A2AE08CA4008AA445 /* munkyApe.app */ = {isa = PBXFileReference; explicitFileType = wrapper.application; includeInIndex = 0; path = munkyApe.app; sourceTree = BUILT_PRODUCTS_DIR; };
		DD8D2B0D2AE08CA4008AA445 /* munkyApeApp.swift */ = {isa = PBXFileReference; lastKnownFileType = sourcecode.swift; path = munkyApeApp.swift; sourceTree = "<group>"; };
		DD8D2B0F2AE08CA4008AA445 /* ContentView.swift */ = {isa = PBXFileReference; lastKnownFileType = sourcecode.swift; path = ContentView.swift; sourceTree = "<group>"; };
		DD8D2B112AE08CAB008AA445 /* Assets.xcassets */ = {isa = PBXFileReference; lastKnownFileType = folder.assetcatalog; path = Assets.xcassets; sourceTree = "<group>"; };
		DD8D2B142AE08CAB008AA445 /* Preview Assets.xcassets */ = {isa = PBXFileReference; lastKnownFileType = folder.assetcatalog; path = "Preview Assets.xcassets"; sourceTree = "<group>"; };
		DD8D2B1A2AE08CAC008AA445 /* munkyApeTests.xctest */ = {isa = PBXFileReference; explicitFileType = wrapper.cfbundle; includeInIndex = 0; path = munkyApeTests.xctest; sourceTree = BUILT_PRODUCTS_DIR; };
		DD8D2B1E2AE08CAC008AA445 /* munkyApeTests.swift */ = {isa = PBXFileReference; lastKnownFileType = sourcecode.swift; path = munkyApeTests.swift; sourceTree = "<group>"; };
		DD8D2B242AE08CAC008AA445 /* munkyApeUITests.xctest */ = {isa = PBXFileReference; explicitFileType = wrapper.cfbundle; includeInIndex = 0; path = munkyApeUITests.xctest; sourceTree = BUILT_PRODUCTS_DIR; };
		DD8D2B282AE08CAC008AA445 /* munkyApeUITests.swift */ = {isa = PBXFileReference; lastKnownFileType = sourcecode.swift; path = munkyApeUITests.swift; sourceTree = "<group>"; };
		DD8D2B2A2AE08CAC008AA445 /* munkyApeUITestsLaunchTests.swift */ = {isa = PBXFileReference; lastKnownFileType = sourcecode.swift; path = munkyApeUITestsLaunchTests.swift; sourceTree = "<group>"; };
/* End PBXFileReference section */

/* Begin PBXFrameworksBuildPhase section */
		DD8D2B072AE08CA3008AA445 /* Frameworks */ = {
			isa = PBXFrameworksBuildPhase;
			buildActionMask = 2147483647;
			files = (
			);
			runOnlyForDeploymentPostprocessing = 0;
		};
		DD8D2B172AE08CAC008AA445 /* Frameworks */ = {
			isa = PBXFrameworksBuildPhase;
			buildActionMask = 2147483647;
			files = (
			);
			runOnlyForDeploymentPostprocessing = 0;
		};
		DD8D2B212AE08CAC008AA445 /* Frameworks */ = {
			isa = PBXFrameworksBuildPhase;
			buildActionMask = 2147483647;
			files = (
			);
			runOnlyForDeploymentPostprocessing = 0;
		};
/* End PBXFrameworksBuildPhase section */

/* Begin PBXGroup section */
		DD8D2B012AE08CA3008AA445 = {
			isa = PBXGroup;
			children = (
				DD8D2B0C2AE08CA4008AA445 /* munkyApe */,
				DD8D2B1D2AE08CAC008AA445 /* munkyApeTests */,
				DD8D2B272AE08CAC008AA445 /* munkyApeUITests */,
				DD8D2B0B2AE08CA4008AA445 /* Products */,
			);
			sourceTree = "<group>";
		};
		DD8D2B0B2AE08CA4008AA445 /* Products */ = {
			isa = PBXGroup;
			children = (
				DD8D2B0A2AE08CA4008AA445 /* munkyApe.app */,
				DD8D2B1A2AE08CAC008AA445 /* munkyApeTests.xctest */,
				DD8D2B242AE08CAC008AA445 /* munkyApeUITests.xctest */,
			);
			name = Products;
			sourceTree = "<group>";
		};
		DD8D2B0C2AE08CA4008AA445 /* munkyApe */ = {
			isa = PBXGroup;
			children = (
				DD8D2B0D2AE08CA4008AA445 /* munkyApeApp.swift */,
				DD8D2B0F2AE08CA4008AA445 /* ContentView.swift */,
				DD8D2B112AE08CAB008AA445 /* Assets.xcassets */,
				DD8D2B132AE08CAB008AA445 /* Preview Content */,
			);
			path = munkyApe;
			sourceTree = "<group>";
		};
		DD8D2B132AE08CAB008AA445 /* Preview Content */ = {
			isa = PBXGroup;
			children = (
				DD8D2B142AE08CAB008AA445 /* Preview Assets.xcassets */,
			);
			path = "Preview Content";
			sourceTree = "<group>";
		};
		DD8D2B1D2AE08CAC008AA445 /* munkyApeTests */ = {
			isa = PBXGroup;
			children = (
				DD8D2B1E2AE08CAC008AA445 /* munkyApeTests.swift */,
			);
			path = munkyApeTests;
			sourceTree = "<group>";
		};
		DD8D2B272AE08CAC008AA445 /* munkyApeUITests */ = {
			isa = PBXGroup;
			children = (
				DD8D2B282AE08CAC008AA445 /* munkyApeUITests.swift */,
				DD8D2B2A2AE08CAC008AA445 /* munkyApeUITestsLaunchTests.swift */,
			);
			path = munkyApeUITests;
			sourceTree = "<group>";
		};
/* End PBXGroup section */

/* Begin PBXNativeTarget section */
		DD8D2B092AE08CA3008AA445 /* munkyApe */ = {
			isa = PBXNativeTarget;
			buildConfigurationList = DD8D2B2E2AE08CAC008AA445 /* Build configuration list for PBXNativeTarget "munkyApe" */;
			buildPhases = (
				DD8D2B062AE08CA3008AA445 /* Sources */,
				DD8D2B072AE08CA3008AA445 /* Frameworks */,
				DD8D2B082AE08CA3008AA445 /* Resources */,
			);
			buildRules = (
			);
			dependencies = (
			);
			name = munkyApe;
			productName = munkyApe;
			productReference = DD8D2B0A2AE08CA4008AA445 /* munkyApe.app */;
			productType = "com.apple.product-type.application";
		};
		DD8D2B192AE08CAC008AA445 /* munkyApeTests */ = {
			isa = PBXNativeTarget;
			buildConfigurationList = DD8D2B312AE08CAC008AA445 /* Build configuration list for PBXNativeTarget "munkyApeTests" */;
			buildPhases = (
				DD8D2B162AE08CAC008AA445 /* Sources */,
				DD8D2B172AE08CAC008AA445 /* Frameworks */,
				DD8D2B182AE08CAC008AA445 /* Resources */,
			);
			buildRules = (
			);
			dependencies = (
				DD8D2B1C2AE08CAC008AA445 /* PBXTargetDependency */,
			);
			name = munkyApeTests;
			productName = munkyApeTests;
			productReference = DD8D2B1A2AE08CAC008AA445 /* munkyApeTests.xctest */;
			productType = "com.apple.product-type.bundle.unit-test";
		};
		DD8D2B232AE08CAC008AA445 /* munkyApeUITests */ = {
			isa = PBXNativeTarget;
			buildConfigurationList = DD8D2B342AE08CAC008AA445 /* Build configuration list for PBXNativeTarget "munkyApeUITests" */;
			buildPhases = (
				DD8D2B202AE08CAC008AA445 /* Sources */,
				DD8D2B212AE08CAC008AA445 /* Frameworks */,
				DD8D2B222AE08CAC008AA445 /* Resources */,
			);
			buildRules = (
			);
			dependencies = (
				DD8D2B262AE08CAC008AA445 /* PBXTargetDependency */,
			);
			name = munkyApeUITests;
			productName = munkyApeUITests;
			productReference = DD8D2B242AE08CAC008AA445 /* munkyApeUITests.xctest */;
			productType = "com.apple.product-type.bundle.ui-testing";
		};
/* End PBXNativeTarget section */

/* Begin PBXProject section */
		DD8D2B022AE08CA3008AA445 /* Project object */ = {
			isa = PBXProject;
			attributes = {
				BuildIndependentTargetsInParallel = 1;
				LastSwiftUpdateCheck = 1500;
				LastUpgradeCheck = 1500;
				TargetAttributes = {
					DD8D2B092AE08CA3008AA445 = {
						CreatedOnToolsVersion = 15.0;
					};
					DD8D2B192AE08CAC008AA445 = {
						CreatedOnToolsVersion = 15.0;
						TestTargetID = DD8D2B092AE08CA3008AA445;
					};
					DD8D2B232AE08CAC008AA445 = {
						CreatedOnToolsVersion = 15.0;
						TestTargetID = DD8D2B092AE08CA3008AA445;
					};
				};
			};
			buildConfigurationList = DD8D2B052AE08CA3008AA445 /* Build configuration list for PBXProject "munkyApe" */;
			compatibilityVersion = "Xcode 14.0";
			developmentRegion = en;
			hasScannedForEncodings = 0;
			knownRegions = (
				en,
				Base,
			);
			mainGroup = DD8D2B012AE08CA3008AA445;
			productRefGroup = DD8D2B0B2AE08CA4008AA445 /* Products */;
			projectDirPath = "";
			projectRoot = "";
			targets = (
				DD8D2B092AE08CA3008AA445 /* munkyApe */,
				DD8D2B192AE08CAC008AA445 /* munkyApeTests */,
				DD8D2B232AE08CAC008AA445 /* munkyApeUITests */,
			);
		};
/* End PBXProject section */

/* Begin PBXResourcesBuildPhase section */
		DD8D2B082AE08CA3008AA445 /* Resources */ = {
			isa = PBXResourcesBuildPhase;
			buildActionMask = 2147483647;
			files = (
				DD8D2B152AE08CAB008AA445 /* Preview Assets.xcassets in Resources */,
				DD8D2B122AE08CAB008AA445 /* Assets.xcassets in Resources */,
			);
			runOnlyForDeploymentPostprocessing = 0;
		};
		DD8D2B182AE08CAC008AA445 /* Resources */ = {
			isa = PBXResourcesBuildPhase;
			buildActionMask = 2147483647;
			files = (
			);
			runOnlyForDeploymentPostprocessing = 0;
		};
		DD8D2B222AE08CAC008AA445 /* Resources */ = {
			isa = PBXResourcesBuildPhase;
			buildActionMask = 2147483647;
			files = (
			);
			runOnlyForDeploymentPostprocessing = 0;
		};
/* End PBXResourcesBuildPhase section */

/* Begin PBXSourcesBuildPhase section */
		DD8D2B062AE08CA3008AA445 /* Sources */ = {
			isa = PBXSourcesBuildPhase;
			buildActionMask = 2147483647;
			files = (
				DD8D2B102AE08CA4008AA445 /* ContentView.swift in Sources */,
				DD8D2B0E2AE08CA4008AA445 /* munkyApeApp.swift in Sources */,
			);
			runOnlyForDeploymentPostprocessing = 0;
		};
		DD8D2B162AE08CAC008AA445 /* Sources */ = {
			isa = PBXSourcesBuildPhase;
			buildActionMask = 2147483647;
			files = (
				DD8D2B1F2AE08CAC008AA445 /* munkyApeTests.swift in Sources */,
			);
			runOnlyForDeploymentPostprocessing = 0;
		};
		DD8D2B202AE08CAC008AA445 /* Sources */ = {
			isa = PBXSourcesBuildPhase;
			buildActionMask = 2147483647;
			files = (
				DD8D2B2B2AE08CAC008AA445 /* munkyApeUITestsLaunchTests.swift in Sources */,
				DD8D2B292AE08CAC008AA445 /* munkyApeUITests.swift in Sources */,
			);
			runOnlyForDeploymentPostprocessing = 0;
		};
/* End PBXSourcesBuildPhase section */

/* Begin PBXTargetDependency section */
		DD8D2B1C2AE08CAC008AA445 /* PBXTargetDependency */ = {
			isa = PBXTargetDependency;
			target = DD8D2B092AE08CA3008AA445 /* munkyApe */;
			targetProxy = DD8D2B1B2AE08CAC008AA445 /* PBXContainerItemProxy */;
		};
		DD8D2B262AE08CAC008AA445 /* PBXTargetDependency */ = {
			isa = PBXTargetDependency;
			target = DD8D2B092AE08CA3008AA445 /* munkyApe */;
			targetProxy = DD8D2B252AE08CAC008AA445 /* PBXContainerItemProxy */;
		};
/* End PBXTargetDependency section */

/* Begin XCBuildConfiguration section */
		DD8D2B2C2AE08CAC008AA445 /* Debug */ = {
			isa = XCBuildConfiguration;
			buildSettings = {
				ALWAYS_SEARCH_USER_PATHS = NO;
				ASSETCATALOG_COMPILER_GENERATE_SWIFT_ASSET_SYMBOL_EXTENSIONS = YES;
				CLANG_ANALYZER_NONNULL = YES;
				CLANG_ANALYZER_NUMBER_OBJECT_CONVERSION = YES_AGGRESSIVE;
				CLANG_CXX_LANGUAGE_STANDARD = "gnu++20";
				CLANG_ENABLE_MODULES = YES;
				CLANG_ENABLE_OBJC_ARC = YES;
				CLANG_ENABLE_OBJC_WEAK = YES;
				CLANG_WARN_BLOCK_CAPTURE_AUTORELEASING = YES;
				CLANG_WARN_BOOL_CONVERSION = YES;
				CLANG_WARN_COMMA = YES;
				CLANG_WARN_CONSTANT_CONVERSION = YES;
				CLANG_WARN_DEPRECATED_OBJC_IMPLEMENTATIONS = YES;
				CLANG_WARN_DIRECT_OBJC_ISA_USAGE = YES_ERROR;
				CLANG_WARN_DOCUMENTATION_COMMENTS = YES;
				CLANG_WARN_EMPTY_BODY = YES;
				CLANG_WARN_ENUM_CONVERSION = YES;
				CLANG_WARN_INFINITE_RECURSION = YES;
				CLANG_WARN_INT_CONVERSION = YES;
				CLANG_WARN_NON_LITERAL_NULL_CONVERSION = YES;
				CLANG_WARN_OBJC_IMPLICIT_RETAIN_SELF = YES;
				CLANG_WARN_OBJC_LITERAL_CONVERSION = YES;
				CLANG_WARN_OBJC_ROOT_CLASS = YES_ERROR;
				CLANG_WARN_QUOTED_INCLUDE_IN_FRAMEWORK_HEADER = YES;
				CLANG_WARN_RANGE_LOOP_ANALYSIS = YES;
				CLANG_WARN_STRICT_PROTOTYPES = YES;
				CLANG_WARN_SUSPICIOUS_MOVE = YES;
				CLANG_WARN_UNGUARDED_AVAILABILITY = YES_AGGRESSIVE;
				CLANG_WARN_UNREACHABLE_CODE = YES;
				CLANG_WARN__DUPLICATE_METHOD_MATCH = YES;
				COPY_PHASE_STRIP = NO;
				DEBUG_INFORMATION_FORMAT = dwarf;
				ENABLE_STRICT_OBJC_MSGSEND = YES;
				ENABLE_TESTABILITY = YES;
				ENABLE_USER_SCRIPT_SANDBOXING = YES;
				GCC_C_LANGUAGE_STANDARD = gnu17;
				GCC_DYNAMIC_NO_PIC = NO;
				GCC_NO_COMMON_BLOCKS = YES;
				GCC_OPTIMIZATION_LEVEL = 0;
				GCC_PREPROCESSOR_DEFINITIONS = (
					"DEBUG=1",
					"$(inherited)",
				);
				GCC_WARN_64_TO_32_BIT_CONVERSION = YES;
				GCC_WARN_ABOUT_RETURN_TYPE = YES_ERROR;
				GCC_WARN_UNDECLARED_SELECTOR = YES;
				GCC_WARN_UNINITIALIZED_AUTOS = YES_AGGRESSIVE;
				GCC_WARN_UNUSED_FUNCTION = YES;
				GCC_WARN_UNUSED_VARIABLE = YES;
				IPHONEOS_DEPLOYMENT_TARGET = 17.0;
				LOCALIZATION_PREFERS_STRING_CATALOGS = YES;
				MTL_ENABLE_DEBUG_INFO = INCLUDE_SOURCE;
				MTL_FAST_MATH = YES;
				ONLY_ACTIVE_ARCH = YES;
				SDKROOT = iphoneos;
				SWIFT_ACTIVE_COMPILATION_CONDITIONS = "DEBUG $(inherited)";
				SWIFT_OPTIMIZATION_LEVEL = "-Onone";
			};
			name = Debug;
		};
		DD8D2B2D2AE08CAC008AA445 /* Release */ = {
			isa = XCBuildConfiguration;
			buildSettings = {
				ALWAYS_SEARCH_USER_PATHS = NO;
				ASSETCATALOG_COMPILER_GENERATE_SWIFT_ASSET_SYMBOL_EXTENSIONS = YES;
				CLANG_ANALYZER_NONNULL = YES;
				CLANG_ANALYZER_NUMBER_OBJECT_CONVERSION = YES_AGGRESSIVE;
				CLANG_CXX_LANGUAGE_STANDARD = "gnu++20";
				CLANG_ENABLE_MODULES = YES;
				CLANG_ENABLE_OBJC_ARC = YES;
				CLANG_ENABLE_OBJC_WEAK = YES;
				CLANG_WARN_BLOCK_CAPTURE_AUTORELEASING = YES;
				CLANG_WARN_BOOL_CONVERSION = YES;
				CLANG_WARN_COMMA = YES;
				CLANG_WARN_CONSTANT_CONVERSION = YES;
				CLANG_WARN_DEPRECATED_OBJC_IMPLEMENTATIONS = YES;
				CLANG_WARN_DIRECT_OBJC_ISA_USAGE = YES_ERROR;
				CLANG_WARN_DOCUMENTATION_COMMENTS = YES;
				CLANG_WARN_EMPTY_BODY = YES;
				CLANG_WARN_ENUM_CONVERSION = YES;
				CLANG_WARN_INFINITE_RECURSION = YES;
				CLANG_WARN_INT_CONVERSION = YES;
				CLANG_WARN_NON_LITERAL_NULL_CONVERSION = YES;
				CLANG_WARN_OBJC_IMPLICIT_RETAIN_SELF = YES;
				CLANG_WARN_OBJC_LITERAL_CONVERSION = YES;
				CLANG_WARN_OBJC_ROOT_CLASS = YES_ERROR;
				CLANG_WARN_QUOTED_INCLUDE_IN_FRAMEWORK_HEADER = YES;
				CLANG_WARN_RANGE_LOOP_ANALYSIS = YES;
				CLANG_WARN_STRICT_PROTOTYPES = YES;
				CLANG_WARN_SUSPICIOUS_MOVE = YES;
				CLANG_WARN_UNGUARDED_AVAILABILITY = YES_AGGRESSIVE;
				CLANG_WARN_UNREACHABLE_CODE = YES;
				CLANG_WARN__DUPLICATE_METHOD_MATCH = YES;
				COPY_PHASE_STRIP = NO;
				DEBUG_INFORMATION_FORMAT = "dwarf-with-dsym";
				ENABLE_NS_ASSERTIONS = NO;
				ENABLE_STRICT_OBJC_MSGSEND = YES;
				ENABLE_USER_SCRIPT_SANDBOXING = YES;
				GCC_C_LANGUAGE_STANDARD = gnu17;
				GCC_NO_COMMON_BLOCKS = YES;
				GCC_WARN_64_TO_32_BIT_CONVERSION = YES;
				GCC_WARN_ABOUT_RETURN_TYPE = YES_ERROR;
				GCC_WARN_UNDECLARED_SELECTOR = YES;
				GCC_WARN_UNINITIALIZED_AUTOS = YES_AGGRESSIVE;
				GCC_WARN_UNUSED_FUNCTION = YES;
				GCC_WARN_UNUSED_VARIABLE = YES;
				IPHONEOS_DEPLOYMENT_TARGET = 17.0;
				LOCALIZATION_PREFERS_STRING_CATALOGS = YES;
				MTL_ENABLE_DEBUG_INFO = NO;
				MTL_FAST_MATH = YES;
				SDKROOT = iphoneos;
				SWIFT_COMPILATION_MODE = wholemodule;
				VALIDATE_PRODUCT = YES;
			};
			name = Release;
		};
		DD8D2B2F2AE08CAC008AA445 /* Debug */ = {
			isa = XCBuildConfiguration;
			buildSettings = {
				ASSETCATALOG_COMPILER_APPICON_NAME = AppIcon;
				ASSETCATALOG_COMPILER_GLOBAL_ACCENT_COLOR_NAME = AccentColor;
				CODE_SIGN_STYLE = Automatic;
				CURRENT_PROJECT_VERSION = 1;
				DEVELOPMENT_ASSET_PATHS = "\"munkyApe/Preview Content\"";
				ENABLE_PREVIEWS = YES;
				GENERATE_INFOPLIST_FILE = YES;
				INFOPLIST_KEY_UIApplicationSceneManifest_Generation = YES;
				INFOPLIST_KEY_UIApplicationSupportsIndirectInputEvents = YES;
				INFOPLIST_KEY_UILaunchScreen_Generation = YES;
				INFOPLIST_KEY_UISupportedInterfaceOrientations_iPad = "UIInterfaceOrientationPortrait UIInterfaceOrientationPortraitUpsideDown UIInterfaceOrientationLandscapeLeft UIInterfaceOrientationLandscapeRight";
				INFOPLIST_KEY_UISupportedInterfaceOrientations_iPhone = "UIInterfaceOrientationPortrait UIInterfaceOrientationLandscapeLeft UIInterfaceOrientationLandscapeRight";
				LD_RUNPATH_SEARCH_PATHS = (
					"$(inherited)",
					"@executable_path/Frameworks",
				);
				MARKETING_VERSION = 1.0;
				PRODUCT_BUNDLE_IDENTIFIER = ape.munkyApe;
				PRODUCT_NAME = "$(TARGET_NAME)";
				SWIFT_EMIT_LOC_STRINGS = YES;
				SWIFT_VERSION = 5.0;
				TARGETED_DEVICE_FAMILY = "1,2";
			};
			name = Debug;
		};
		DD8D2B302AE08CAC008AA445 /* Release */ = {
			isa = XCBuildConfiguration;
			buildSettings = {
				ASSETCATALOG_COMPILER_APPICON_NAME = AppIcon;
				ASSETCATALOG_COMPILER_GLOBAL_ACCENT_COLOR_NAME = AccentColor;
				CODE_SIGN_STYLE = Automatic;
				CURRENT_PROJECT_VERSION = 1;
				DEVELOPMENT_ASSET_PATHS = "\"munkyApe/Preview Content\"";
				ENABLE_PREVIEWS = YES;
				GENERATE_INFOPLIST_FILE = YES;
				INFOPLIST_KEY_UIApplicationSceneManifest_Generation = YES;
				INFOPLIST_KEY_UIApplicationSupportsIndirectInputEvents = YES;
				INFOPLIST_KEY_UILaunchScreen_Generation = YES;
				INFOPLIST_KEY_UISupportedInterfaceOrientations_iPad = "UIInterfaceOrientationPortrait UIInterfaceOrientationPortraitUpsideDown UIInterfaceOrientationLandscapeLeft UIInterfaceOrientationLandscapeRight";
				INFOPLIST_KEY_UISupportedInterfaceOrientations_iPhone = "UIInterfaceOrientationPortrait UIInterfaceOrientationLandscapeLeft UIInterfaceOrientationLandscapeRight";
				LD_RUNPATH_SEARCH_PATHS = (
					"$(inherited)",
					"@executable_path/Frameworks",
				);
				MARKETING_VERSION = 1.0;
				PRODUCT_BUNDLE_IDENTIFIER = ape.munkyApe;
				PRODUCT_NAME = "$(TARGET_NAME)";
				SWIFT_EMIT_LOC_STRINGS = YES;
				SWIFT_VERSION = 5.0;
				TARGETED_DEVICE_FAMILY = "1,2";
			};
			name = Release;
		};
		DD8D2B322AE08CAC008AA445 /* Debug */ = {
			isa = XCBuildConfiguration;
			buildSettings = {
				ALWAYS_EMBED_SWIFT_STANDARD_LIBRARIES = YES;
				BUNDLE_LOADER = "$(TEST_HOST)";
				CODE_SIGN_STYLE = Automatic;
				CURRENT_PROJECT_VERSION = 1;
				GENERATE_INFOPLIST_FILE = YES;
				IPHONEOS_DEPLOYMENT_TARGET = 17.0;
				MARKETING_VERSION = 1.0;
				PRODUCT_BUNDLE_IDENTIFIER = ape.munkyApeTests;
				PRODUCT_NAME = "$(TARGET_NAME)";
				SWIFT_EMIT_LOC_STRINGS = NO;
				SWIFT_VERSION = 5.0;
				TARGETED_DEVICE_FAMILY = "1,2";
				TEST_HOST = "$(BUILT_PRODUCTS_DIR)/munkyApe.app/$(BUNDLE_EXECUTABLE_FOLDER_PATH)/munkyApe";
			};
			name = Debug;
		};
		DD8D2B332AE08CAC008AA445 /* Release */ = {
			isa = XCBuildConfiguration;
			buildSettings = {
				ALWAYS_EMBED_SWIFT_STANDARD_LIBRARIES = YES;
				BUNDLE_LOADER = "$(TEST_HOST)";
				CODE_SIGN_STYLE = Automatic;
				CURRENT_PROJECT_VERSION = 1;
				GENERATE_INFOPLIST_FILE = YES;
				IPHONEOS_DEPLOYMENT_TARGET = 17.0;
				MARKETING_VERSION = 1.0;
				PRODUCT_BUNDLE_IDENTIFIER = ape.munkyApeTests;
				PRODUCT_NAME = "$(TARGET_NAME)";
				SWIFT_EMIT_LOC_STRINGS = NO;
				SWIFT_VERSION = 5.0;
				TARGETED_DEVICE_FAMILY = "1,2";
				TEST_HOST = "$(BUILT_PRODUCTS_DIR)/munkyApe.app/$(BUNDLE_EXECUTABLE_FOLDER_PATH)/munkyApe";
			};
			name = Release;
		};
		DD8D2B352AE08CAC008AA445 /* Debug */ = {
			isa = XCBuildConfiguration;
			buildSettings = {
				ALWAYS_EMBED_SWIFT_STANDARD_LIBRARIES = YES;
				CODE_SIGN_STYLE = Automatic;
				CURRENT_PROJECT_VERSION = 1;
				GENERATE_INFOPLIST_FILE = YES;
				MARKETING_VERSION = 1.0;
				PRODUCT_BUNDLE_IDENTIFIER = ape.munkyApeUITests;
				PRODUCT_NAME = "$(TARGET_NAME)";
				SWIFT_EMIT_LOC_STRINGS = NO;
				SWIFT_VERSION = 5.0;
				TARGETED_DEVICE_FAMILY = "1,2";
				TEST_TARGET_NAME = munkyApe;
			};
			name = Debug;
		};
		DD8D2B362AE08CAC008AA445 /* Release */ = {
			isa = XCBuildConfiguration;
			buildSettings = {
				ALWAYS_EMBED_SWIFT_STANDARD_LIBRARIES = YES;
				CODE_SIGN_STYLE = Automatic;
				CURRENT_PROJECT_VERSION = 1;
				GENERATE_INFOPLIST_FILE = YES;
				MARKETING_VERSION = 1.0;
				PRODUCT_BUNDLE_IDENTIFIER = ape.munkyApeUITests;
				PRODUCT_NAME = "$(TARGET_NAME)";
				SWIFT_EMIT_LOC_STRINGS = NO;
				SWIFT_VERSION = 5.0;
				TARGETED_DEVICE_FAMILY = "1,2";
				TEST_TARGET_NAME = munkyApe;
			};
			name = Release;
		};
/* End XCBuildConfiguration section */

/* Begin XCConfigurationList section */
		DD8D2B052AE08CA3008AA445 /* Build configuration list for PBXProject "munkyApe" */ = {
			isa = XCConfigurationList;
			buildConfigurations = (
				DD8D2B2C2AE08CAC008AA445 /* Debug */,
				DD8D2B2D2AE08CAC008AA445 /* Release */,
			);
			defaultConfigurationIsVisible = 0;
			defaultConfigurationName = Release;
		};
		DD8D2B2E2AE08CAC008AA445 /* Build configuration list for PBXNativeTarget "munkyApe" */ = {
			isa = XCConfigurationList;
			buildConfigurations = (
				DD8D2B2F2AE08CAC008AA445 /* Debug */,
				DD8D2B302AE08CAC008AA445 /* Release */,
			);
			defaultConfigurationIsVisible = 0;
			defaultConfigurationName = Release;
		};
		DD8D2B312AE08CAC008AA445 /* Build configuration list for PBXNativeTarget "munkyApeTests" */ = {
			isa = XCConfigurationList;
			buildConfigurations = (
				DD8D2B322AE08CAC008AA445 /* Debug */,
				DD8D2B332AE08CAC008AA445 /* Release */,
			);
			defaultConfigurationIsVisible = 0;
			defaultConfigurationName = Release;
		};
		DD8D2B342AE08CAC008AA445 /* Build configuration list for PBXNativeTarget "munkyApeUITests" */ = {
			isa = XCConfigurationList;
			buildConfigurations = (
				DD8D2B352AE08CAC008AA445 /* Debug */,
				DD8D2B362AE08CAC008AA445 /* Release */,
			);
			defaultConfigurationIsVisible = 0;
			defaultConfigurationName = Release;
		};
/* End XCConfigurationList section */
	};
	rootObject = DD8D2B022AE08CA3008AA445 /* Project object */;
}
